
Microsoft Visual Studio Solution File, Format Version 12.00
# Visual Studio Version 17
VisualStudioVersion = 17.4.33213.308
MinimumVisualStudioVersion = 10.0.40219.1
Project("{9A19103F-16F7-4668-BE54-9A1E7A4F7556}") = "MotoProject", "MotoProject\MotoProject.csproj", "{36B97A1A-4DC6-40B9-A5DC-882B28975677}"
EndProject
Project("{FAE04EC0-301F-11D3-BF4B-00C04F79EFBC}") = "TestProject1", "TestProject1\TestProject1.csproj", "{B10BD091-05C6-4784-A77B-4614BAF52BA7}"
EndProject
Global
	GlobalSection(SolutionConfigurationPlatforms) = preSolution
		Debug|Any CPU = Debug|Any CPU
		Release|Any CPU = Release|Any CPU
	EndGlobalSection
	GlobalSection(ProjectConfigurationPlatforms) = postSolution
		{36B97A1A-4DC6-40B9-A5DC-882B28975677}.Debug|Any CPU.ActiveCfg = Debug|Any CPU
		{36B97A1A-4DC6-40B9-A5DC-882B28975677}.Debug|Any CPU.Build.0 = Debug|Any CPU
		{36B97A1A-4DC6-40B9-A5DC-882B28975677}.Release|Any CPU.ActiveCfg = Release|Any CPU
		{36B97A1A-4DC6-40B9-A5DC-882B28975677}.Release|Any CPU.Build.0 = Release|Any CPU
		{B10BD091-05C6-4784-A77B-4614BAF52BA7}.Debug|Any CPU.ActiveCfg = Debug|Any CPU
		{B10BD091-05C6-4784-A77B-4614BAF52BA7}.Debug|Any CPU.Build.0 = Debug|Any CPU
		{B10BD091-05C6-4784-A77B-4614BAF52BA7}.Release|Any CPU.ActiveCfg = Release|Any CPU
		{B10BD091-05C6-4784-A77B-4614BAF52BA7}.Release|Any CPU.Build.0 = Release|Any CPU
	EndGlobalSection
	GlobalSection(SolutionProperties) = preSolution
		HideSolutionNode = FALSE
	EndGlobalSection
	GlobalSection(ExtensibilityGlobals) = postSolution
		SolutionGuid = {DB22585B-5A76-4BD1-90F3-69B6B14A15B4}
	EndGlobalSection
EndGlobal
